
Microsoft Visual Studio Solution File, Format Version 12.00
# Visual Studio Version 17
VisualStudioVersion = 17.3.32922.545
MinimumVisualStudioVersion = 10.0.40219.1
Project("{FAE04EC0-301F-11D3-BF4B-00C04F79EFBC}") = "ILoveTasks", "ILoveTasks.csproj", "{766931CF-F70D-4115-B7D6-159A7BEC6A08}"
EndProject
Global
	GlobalSection(SolutionConfigurationPlatforms) = preSolution
		Debug|Any CPU = Debug|Any CPU
		Release|Any CPU = Release|Any CPU
	EndGlobalSection
	GlobalSection(ProjectConfigurationPlatforms) = postSolution
		{766931CF-F70D-4115-B7D6-159A7BEC6A08}.Debug|Any CPU.ActiveCfg = Debug|Any CPU
		{766931CF-F70D-4115-B7D6-159A7BEC6A08}.Debug|Any CPU.Build.0 = Debug|Any CPU
		{766931CF-F70D-4115-B7D6-159A7BEC6A08}.Release|Any CPU.ActiveCfg = Release|Any CPU
		{766931CF-F70D-4115-B7D6-159A7BEC6A08}.Release|Any CPU.Build.0 = Release|Any CPU
	EndGlobalSection
	GlobalSection(SolutionProperties) = preSolution
		HideSolutionNode = FALSE
	EndGlobalSection
	GlobalSection(ExtensibilityGlobals) = postSolution
		SolutionGuid = {8682101A-982D-462B-9C02-F971CD3E24DA}
	EndGlobalSection
EndGlobal
